#MicroXplorer Configuration settings - do not modify
PD7.Mode=Full_Duplex_Master
SH.FMC_D7_DA7.0=FMC_D7,sd-16b-d1
PD12.GPIO_Label=CS2
SH.FMC_D0_DA0.ConfNb=1
SH.FMC_A8.ConfNb=1
SH.FMC_A4.ConfNb=1
SH.FMC_A0.ConfNb=1
SH.FMC_D6_DA6.ConfNb=1
PH12.Signal=LTDC_R6
SH.FMC_D9_DA9.ConfNb=1
SH.FMC_A0.0=FMC_A0,12b-sda1
SPI1.VirtualType=VM_MASTER
SPI2.VirtualType=VM_MASTER
PB10.Mode=Host_HS
PG4.Signal=FMC_A14_BA0
PG8.Signal=FMC_SDCLK
PC12.Signal=SDMMC1_CK
PH6.GPIO_Label=IRQ6
PG0.Signal=FMC_A10
PG3.GPIOParameters=GPIO_Label
RCC.PLLFRACN=0
PD3.GPIOParameters=GPIO_Label
PC3_C.Mode=Host_HS
VP_RTC_VS_RTC_Activate.Mode=RTC_Enabled
SAI1.Instance-SAI_A_MasterWithClock=SAI$Index_Block_A
RCC.RTCFreq_Value=32768
PA6.GPIO_Label=MON_3V3
PA15\ (JTDI).Signal=UART4_RTS
RCC.CpuClockFreq_Value=480000000
SH.FMC_SDNWE.ConfNb=1
PG14.GPIOParameters=GPIO_Label
USART1.IPParameters=VirtualMode-Asynchronous
SH.FMC_D5_DA5.0=FMC_D5,sd-16b-d1
PB13.Signal=USB_OTG_HS_ULPI_D6
PG6.Mode=RGB666
PG13.Signal=GPIO_Output
PA2.GPIOParameters=GPIO_Label
PG2.GPIOParameters=GPIO_Label
PinOutPanel.RotationAngle=0
RCC.MCO1PinFreq_Value=64000000
RCC.SYSCLKSource=RCC_SYSCLKSOURCE_PLLCLK
RCC.AHB4Freq_Value=240000000
USB_OTG_HS.VirtualMode-Host_HS=Host_HS
SH.GPXTI13.0=GPIO_EXTI13
SH.FMC_A15_BA1.0=FMC_BA1,FourSdramBanks1
SH.FMC_D9_DA9.0=FMC_D9,sd-16b-d1
RCC.LPTIM1Freq_Value=120000000
NVIC.SVCall_IRQn=true\:0\:0\:false\:false\:true\:false\:false
PA14\ (JTCK/SWCLK).Signal=DEBUG_JTCK-SWCLK
PA15\ (JTDI).Mode=CTS_RTS
PH5.Signal=I2C2_SDA
SH.GPXTI3.ConfNb=1
PA4.Mode=RGB666
PF7.Signal=QUADSPI_BK1_IO2
SH.FMC_SDNWE.0=FMC_SDNWE,12b-sda1
USB_OTG_HS.dma_enable-Host_HS=ENABLE
PH9.Signal=LTDC_R3
SPI1.Direction=SPI_DIRECTION_2LINES
SH.FMC_D11_DA11.0=FMC_D11,sd-16b-d1
RCC.I2C4Freq_Value=120000000
PE2.Mode=SAI_A_MasterWithClock
PD4.Signal=GPXTI4
PB6.Signal=QUADSPI_BK1_NCS
SH.FMC_D10_DA10.ConfNb=1
PC7.Signal=LTDC_G6
VP_SAI1_VP_$IpInstance_SAIB_SAI_BASIC.Signal=SAI1_VP_$IpInstance_SAIB_SAI_BASIC
PB6.Mode=Single Bank 1
RCC.DIVQ3Freq_Value=393359375
SPI1.CalculateBaudRate=15.0 MBits/s
PD0.Signal=FMC_D2_DA2
PD8.Signal=FMC_D13_DA13
PE5.Signal=SAI1_SCK_A
PE1.Signal=GPXTI1
PI3.Mode=Full_Duplex_Master
SH.ADCx_INP4.0=ADC1_INP4,IN4-Single-Ended
VREF+.Signal=VREFBUF_OUT
ProjectManager.ProjectBuild=false
NVIC.UsageFault_IRQn=true\:0\:0\:false\:false\:true\:false\:false
PB2.Signal=QUADSPI_CLK
RCC.DIVM3=1
RCC.DIVM2=13
PI4.GPIO_Label=PS2A_DAT
RCC.DIVM1=5
RCC.RTCClockSelection=RCC_RTCCLKSOURCE_LSE
ProjectManager.FirmwarePackage=STM32Cube FW_H7 V1.7.0
MxDb.Version=DB.5.0.60
PE0.GPIOParameters=GPIO_Label
ProjectManager.BackupPrevious=false
RCC.FMCFreq_Value=120000000
PC4.GPIO_Label=MON_5V0
RCC.SAI1CLockSelection=RCC_SAI1CLKSOURCE_PLL2
PE9.Signal=FMC_D6_DA6
SH.FMC_A2.0=FMC_A2,12b-sda1
PB14.Mode=SD_1_bit
PI6.Signal=LTDC_B6
PI3.Signal=SPI2_MOSI
SH.FMC_D15_DA15.ConfNb=1
RCC.USART16Freq_Value=120000000
SPI1.DataSize=SPI_DATASIZE_8BIT
PA0.Mode=SD_1_bit
PC9.Mode=SD_4_bits_Wide_bus
SPI2.CalculateBaudRate=15.0 MBits/s
PE2.Signal=SAI1_MCLK_A
PF8.Mode=Single Bank 1
PA8.Signal=LTDC_B3
PA14\ (JTCK/SWCLK).Mode=Trace_Asynchronous_SW
SH.FMC_D1_DA1.0=FMC_D1,sd-16b-d1
NVIC.PendSV_IRQn=true\:0\:0\:false\:false\:true\:false\:false
PF3.Signal=FMC_A3
USB_OTG_HS.IPParameters=VirtualMode-Host_HS,dma_enable-Host_HS
RCC.DIVR2Freq_Value=239903846.15384614
PE10.Signal=FMC_D7_DA7
ProjectManager.HalAssertFull=false
ADC1.SamplingTime-0\#ChannelRegularConversion=ADC_SAMPLETIME_1CYCLE_5
RCC.DIVP2Freq_Value=11289592.760180995
SH.ADCx_INP3.0=ADC1_INP3,IN3-Single-Ended
PA0.Signal=SDMMC2_CMD
SH.ADCx_INP4.ConfNb=1
RCC.MCO2PinFreq_Value=480000000
Mcu.Package=LQFP176
PB9.Signal=UART4_TX
SAI1.AudioFrequency-SAI_A_MasterWithClock=SAI_AUDIO_FREQUENCY_44K
PB1.Signal=USB_OTG_HS_ULPI_D2
PI8.GPIOParameters=GPIO_Label
PH12.Mode=RGB666
SPI2.Mode=SPI_MODE_MASTER
RCC.PLL3FRACN=7168
PG13.GPIOParameters=GPIO_Label
SH.GPXTI8.0=GPIO_EXTI8
PD12.Signal=GPIO_Output
PD5.GPIOParameters=GPIO_Label
PH11.Mode=RGB666
SH.FMC_SDNCAS.ConfNb=1
VP_SYS_VS_Systick.Signal=SYS_VS_Systick
SH.GPXTI8.ConfNb=1
SH.FMC_A11.ConfNb=1
PA10.Signal=USART1_RX
VP_RTC_VS_RTC_Calendar.Mode=RTC_Calendar
RCC.DFSDMFreq_Value=120000000
PC11.Mode=SD_4_bits_Wide_bus
SH.FMC_A1.0=FMC_A1,12b-sda1
PH2.Signal=FMC_SDCKE0
PC14-OSC32_IN\ (OSC32_IN).Mode=LSE-External-Oscillator
SH.FMC_SDCLK.0=FMC_SDCLK,12b-sda1
RCC.TraceFreq_Value=480000000
PI7.Mode=RGB666
RCC.APB4Freq_Value=120000000
RCC.CECFreq_Value=32000
RCC.SAI23Freq_Value=120000000
PF14.Signal=FMC_A8
PI4.GPIOParameters=GPIO_Label
NVIC.BusFault_IRQn=true\:0\:0\:false\:false\:true\:false\:false
RCC.LPUART1Freq_Value=120000000
PF10.Mode=RGB666
PB13.Mode=Host_HS
PI11.Signal=USB_OTG_HS_ULPI_DIR
FMC.ColumnBitsNumber1=FMC_SDRAM_COLUMN_BITS_NUM_9
PH0-OSC_IN\ (PH0).Mode=HSE-External-Oscillator
PD15.Signal=FMC_D1_DA1
SH.FMC_D3_DA3.0=FMC_D3,sd-16b-d1
ProjectManager.CustomerFirmwarePackage=
PC4.GPIOParameters=GPIO_Label
RCC.VCO3OutputFreq_Value=3146875000
SH.FMC_D3_DA3.ConfNb=1
PI10.GPIO_Label=ERROR_LED
PA5.Mode=Host_HS
PG12.Signal=LTDC_B4
SAI1.NoDivider-SAI_A_MasterWithClock=SAI_MASTERDIVIDER_ENABLE
PA6.GPIOParameters=GPIO_Label
SH.GPXTI10.0=GPIO_EXTI10
Mcu.Pin80=PD12
Mcu.Pin81=PD13
SH.FMC_A4.0=FMC_A4,12b-sda1
VREF+.Mode=InternalMode
SH.FMC_A7.ConfNb=1
PH15.Signal=LTDC_G4
ProjectManager.ProjectFileName=Neotron-500-SDRAM-USB2-NoEthernet.ioc
SH.FMC_A5.ConfNb=1
SH.FMC_A1.ConfNb=1
RCC.DIVQ3=8
RCC.DIVQ2=1
RCC.DIVQ1=8
ADC1.Rank-0\#ChannelRegularConversion=1
PH13.Signal=LTDC_G2
Mcu.Pin79=PD11
Mcu.PinsNb=146
VP_SAI1_VP_$IpInstance_SAIA_SAI_BASIC.Mode=SAI_A_BASIC
Mcu.Pin73=PB13
Mcu.Pin74=PB14
Mcu.Pin71=PH12
Mcu.Pin72=PB12
ADC1.IPParameters=Rank-0\#ChannelRegularConversion,Channel-0\#ChannelRegularConversion,SamplingTime-0\#ChannelRegularConversion,OffsetNumber-0\#ChannelRegularConversion,NbrOfConversionFlag,master
Mcu.Pin77=PD9
SAI1.MClockEnable-SAI_A_MasterWithClock=SAI_MASTERCLOCK_ENABLE
Mcu.Pin78=PD10
PG5.Signal=FMC_A15_BA1
ADC1.OffsetNumber-0\#ChannelRegularConversion=ADC_OFFSET_NONE
Mcu.Pin75=PB15
PG9.Signal=SPI1_MISO
PC13.Signal=GPXTI13
SH.FMC_D10_DA10.0=FMC_D10,sd-16b-d1
Mcu.Pin76=PD8
RCC.SWPMI1Freq_Value=120000000
PD3.Signal=GPIO_Output
RCC.DIVP3=8
Mcu.Pin70=PH11
PG9.Mode=Full_Duplex_Master
PC6.Signal=LTDC_HSYNC
PD13.GPIOParameters=GPIO_Label
PD7.Signal=SPI1_MOSI
PD1.Signal=FMC_D3_DA3
SH.GPXTI0.ConfNb=1
VP_SAI1_VP_$IpInstance_SAIA_SAI_BASIC.Signal=SAI1_VP_$IpInstance_SAIA_SAI_BASIC
RCC.DIVP2=85
SAI1.ErrorAudioFreq-SAI_A_MasterWithClock=0.22 %
Mcu.Pin68=PH9
Mcu.Pin69=PH10
PC0.Signal=USB_OTG_HS_ULPI_STP
RCC.QSPIFreq_Value=240000000
PD6.Mode=RGB666
Mcu.Pin62=PE15
Mcu.Pin63=PB10
PG13.GPIO_Label=CS0
Mcu.Pin60=PE13
Mcu.Pin61=PE14
Mcu.Pin66=PH7
PI2.Mode=RGB666
Mcu.Pin67=PH8
Mcu.Pin64=PB11
Mcu.Pin65=PH6
PG10.Signal=GPXTI10
PD10.Signal=FMC_D15_DA15
RCC.D1CPREFreq_Value=480000000
PA3.Mode=Host_HS
SH.FMC_A3.0=FMC_A3,12b-sda1
SH.GPXTI6.ConfNb=1
RCC.USART234578Freq_Value=120000000
RCC.Tim1OutputFreq_Value=240000000
PI8.GPIO_Label=IRQ7
Mcu.Pin59=PE12
FMC.CASLatency1=FMC_SDRAM_CAS_LATENCY_2
Mcu.Pin57=PE10
SH.GPXTI2.ConfNb=1
RCC.SPI123Freq_Value=120000000
Mcu.Pin58=PE11
PB11.Mode=Host_HS
Mcu.Pin51=PF15
Mcu.Pin52=PG0
SH.FMC_D15_DA15.0=FMC_D15,sd-16b-d1
Mcu.Pin50=PF14
Mcu.Pin55=PE8
PC6.Mode=RGB666
Mcu.Pin56=PE9
Mcu.Pin53=PG1
Mcu.Pin54=PE7
PH9.Mode=RGB666
PA9.Signal=USART1_TX
RCC.DIVN3=125
RCC.DIVN2=499
PI6.Mode=RGB666
I2C1.Timing=0x307075B1
RCC.DIVN1=192
PC2_C.Mode=Full_Duplex_Master
Mcu.Pin48=PF12
Mcu.Pin49=PF13
Mcu.Pin46=PB2
Mcu.Pin47=PF11
PB10.Signal=USB_OTG_HS_ULPI_D3
SAI1.VirtualMode-SAI_A_MasterWithClock=VM_MASTER
VP_SAI1_VP_$IpInstance_SAIB_SAI_BASIC.Mode=SAI_B_BASIC
PB14.Signal=SDMMC2_D0
PA5.Signal=USB_OTG_HS_ULPI_CK
Mcu.Pin40=PA6
Mcu.Pin41=PA7
Mcu.Pin44=PB0
PC12.Mode=SD_4_bits_Wide_bus
Mcu.Pin45=PB1
Mcu.Pin42=PC4
Mcu.Pin43=PC5
PE1.GPIO_Label=IRQ1
ProjectManager.LastFirmware=true
Mcu.Pin116=PD3
Mcu.Pin117=PD4
Mcu.Pin118=PD5
PH14.Mode=RGB666
Mcu.Pin119=PD6
PI7.Signal=LTDC_B7
SH.FMC_A6.0=FMC_A6,12b-sda1
RCC.AHB12Freq_Value=240000000
PA1.Mode=RGB666
PE14.Signal=FMC_D11_DA11
PE6.Mode=SAI_A_MasterWithClock
PE15.Signal=FMC_D12_DA12
Mcu.Pin37=PA3
Mcu.Pin38=PA4
Mcu.Pin35=PH4
Mcu.Pin36=PH5
PE8.Signal=FMC_D5_DA5
RCC.FMCCLockSelection=RCC_FMCCLKSOURCE_PLL
SPI1.Mode=SPI_MODE_MASTER
SH.FMC_D14_DA14.ConfNb=1
Mcu.Pin39=PA5
PI1.Signal=SPI2_SCK
PI2.Signal=LTDC_G7
RCC.RNGFreq_Value=48000000
Mcu.Pin112=PC12
Mcu.Pin30=PA0
Mcu.Pin113=PD0
Mcu.Pin114=PD1
Mcu.Pin115=PD2
Mcu.Pin33=PH2
Mcu.Pin34=PH3
Mcu.Pin31=PA1
Mcu.Pin110=PC10
Mcu.Pin32=PA2
Mcu.Pin111=PC11
NVIC.NonMaskableInt_IRQn=true\:0\:0\:false\:false\:true\:false\:false
SAI1.FIFOThreshold-SAI_A_MasterWithClock=SAI_FIFOTHRESHOLD_HF
PF13.Signal=FMC_A7
Mcu.Pin127=PG15
Mcu.Pin128=PB3 (JTDO/TRACESWO)
Mcu.Pin129=PB4 (NJTRST)
PG14.GPIO_Label=POWER_CLEAR
SH.FMC_SDNCAS.0=FMC_SDNCAS,12b-sda1
ProjectManager.FreePins=false
RCC.LPTIM2Freq_Value=120000000
Mcu.Pin26=PC1
Mcu.Pin27=PC2_C
Mcu.Pin24=PH1-OSC_OUT (PH1)
PH4.Mode=I2C
ProjectManager.UnderRoot=true
Mcu.Pin25=PC0
CORTEX_M7.IPParameters=CPU_ICache,CPU_DCache
Mcu.Pin28=PC3_C
Mcu.Pin29=VREF+
PC8.Mode=SD_4_bits_Wide_bus
SH.FMC_D7_DA7.ConfNb=1
Mcu.Pin123=PG11
Mcu.Pin124=PG12
PA4.Signal=LTDC_VSYNC
Mcu.Pin125=PG13
Mcu.Pin126=PG14
Mcu.Pin22=PF10
PB5.Signal=USB_OTG_HS_ULPI_D7
Mcu.Pin23=PH0-OSC_IN (PH0)
Mcu.Pin120=PD7
Mcu.Pin20=PF8
Mcu.Pin121=PG9
ADC1.master=1
Mcu.Pin21=PF9
Mcu.Pin122=PG10
NVIC.ForceEnableDMAVector=true
PD11.Signal=GPIO_Output
NVIC.MemoryManagement_IRQn=true\:0\:0\:false\:false\:true\:false\:false
SH.FMC_A10.ConfNb=1
ProjectManager.CompilerOptimize=6
SH.FMC_A5.0=FMC_A5,12b-sda1
PG11.Mode=Full_Duplex_Master
PA11.Signal=USART1_CTS
SH.FMC_SDNRAS.ConfNb=1
ProjectManager.HeapSize=0x200
Mcu.Pin15=PF3
NVIC.HardFault_IRQn=true\:0\:0\:false\:false\:true\:false\:false
Mcu.Pin16=PF4
PB1.Mode=Host_HS
Mcu.Pin13=PF1
Mcu.Pin14=PF2
PH6.Signal=GPXTI6
Mcu.Pin19=PF7
PF6.Mode=Single Bank 1
RCC.LPTIM345Freq_Value=120000000
ProjectManager.ComputerToolchain=false
Mcu.Pin17=PF5
PF9.Signal=QUADSPI_BK1_IO1
Mcu.Pin18=PF6
RCC.LTDCFreq_Value=25175000
SAI1.VirtualProtocol-SAI_B_BASIC=VM_BASIC_PROTOCOL
NVIC.PriorityGroup=NVIC_PRIORITYGROUP_4
Mcu.Pin11=PI11
Mcu.Pin12=PF0
PB3\ (JTDO/TRACESWO).Mode=Trace_Asynchronous_SW
PB8.Mode=I2C
Mcu.Pin10=PI10
Mcu.Pin109=PA15 (JTDI)
SH.GPXTI10.ConfNb=1
PE3.Signal=SAI1_SD_B
Mcu.Pin105=PI1
PA8.Mode=RGB666
Mcu.Pin106=PI2
SPI2.DataSize=SPI_DATASIZE_8BIT
Mcu.Pin107=PI3
PF4.Signal=FMC_A4
Mcu.Pin108=PA14 (JTCK/SWCLK)
PB4\ (NJTRST).GPIO_Label=DISK_ACT
PG3.GPIO_Label=IRQ3
SH.FMC_D12_DA12.ConfNb=1
PD2.Signal=SDMMC1_CMD
SH.GPXTI1.ConfNb=1
RCC.HCLK3ClockFreq_Value=240000000
RCC.DIVR3=125
RCC.DIVR2=4
PB0.Signal=USB_OTG_HS_ULPI_D1
PC1.Signal=SDMMC2_CK
PG10.GPIO_Label=PS2A_CLK
Mcu.Pin101=PH13
PA13\ (JTMS/SWDIO).Signal=DEBUG_JTMS-SWDIO
Mcu.Pin102=PH14
PC1.Mode=SD_1_bit
Mcu.Pin103=PH15
Mcu.Pin104=PI0
Mcu.Pin100=PA13 (JTMS/SWDIO)
Mcu.Family=STM32H7
FMC.IPParameters=ColumnBitsNumber1,CASLatency1
RCC.DIVQ2Freq_Value=959615384.6153846
SH.GPXTI1.0=GPIO_EXTI1
ProjectManager.MainLocation=Core/Src
I2C2.IPParameters=Timing
SH.FMC_A6.ConfNb=1
SH.FMC_A8.0=FMC_A8,12b-sda1
RCC.SAI1Freq_Value=11289592.760180995
RCC.CortexFreq_Value=60000000
SH.FMC_A2.ConfNb=1
PG6.Signal=LTDC_R7
PI10.GPIOParameters=GPIO_Label
ProjectManager.KeepUserCode=true
Mcu.UserName=STM32H743IITx
PH14.Signal=LTDC_G3
PH10.Signal=LTDC_R4
RCC.HPRE=RCC_HCLK_DIV2
SH.FMC_D14_DA14.0=FMC_D14,sd-16b-d1
PH0-OSC_IN\ (PH0).Signal=RCC_OSC_IN
PG2.Signal=GPIO_Output
PC10.Signal=SDMMC1_D2
PC15-OSC32_OUT\ (OSC32_OUT).Mode=LSE-External-Oscillator
I2C2.Timing=0x307075B1
ProjectManager.functionlistsort=1-MX_GPIO_Init-GPIO-false-HAL-true,2-SystemClock_Config-RCC-false-HAL-false,4-MX_FMC_Init-FMC-false-HAL-true,5-MX_I2C1_Init-I2C1-false-HAL-true,6-MX_I2C2_Init-I2C2-false-HAL-true,7-MX_LTDC_Init-LTDC-false-HAL-true,8-MX_QUADSPI_Init-QUADSPI-false-HAL-true,9-MX_SAI1_Init-SAI1-false-HAL-true,10-MX_SDMMC1_SD_Init-SDMMC1-false-HAL-true,11-MX_SPI1_Init-SPI1-false-HAL-true,12-MX_SPI2_Init-SPI2-false-HAL-true,13-MX_UART4_Init-UART4-false-HAL-true,14-MX_USART1_UART_Init-USART1-false-HAL-true,15-MX_USB_OTG_HS_HCD_Init-USB_OTG_HS-false-HAL-true,0-MX_CORTEX_M7_Init-CORTEX_M7-false-HAL-true
SAI1.VirtualProtocol-SAI_A_BASIC=VM_BASIC_PROTOCOL
SH.FMC_D6_DA6.0=FMC_D6,sd-16b-d1
PA11.Mode=CTS_RTS
RCC.PLL2FRACN=0
SH.FMC_A14_BA0.0=FMC_BA0,FourSdramBanks1
VP_RTC_VS_RTC_Calendar.Signal=RTC_VS_RTC_Calendar
RCC.VCO2OutputFreq_Value=959615384.6153846
SH.FMC_A11.0=FMC_A11,12b-sda1
PC13.GPIO_Label=PS2B_CLK
PB11.Signal=USB_OTG_HS_ULPI_D4
PB15.Signal=UART4_CTS
PI5.Mode=RGB666
PG11.Signal=SPI1_SCK
PG15.Signal=FMC_SDNCAS
ProjectManager.StackSize=0x400
SH.GPXTI2.0=GPIO_EXTI2
RCC.VCOInput3Freq_Value=25000000
PH3.Mode=SdramChipSelect1_1
Mcu.Pin138=PI5
Mcu.Pin139=PI6
PD13.Signal=GPIO_Output
Mcu.IP4=I2C1
Mcu.IP5=I2C2
Mcu.IP2=DEBUG
I2C1.IPParameters=Timing
Mcu.IP3=FMC
PI11.Mode=Host_HS
Mcu.IP0=ADC1
SH.FMC_A7.0=FMC_A7,12b-sda1
Mcu.IP1=CORTEX_M7
PA12.Signal=USART1_RTS
Mcu.UserConstants=
SAI1.VirtualMode-SAI_B_SyncSlave=VM_SLAVE
RCC.DIVP3Freq_Value=393359375
RCC.SDMMCFreq_Value=120000000
Mcu.Pin134=PB9
SH.GPXTI13.ConfNb=1
Mcu.Pin135=PE0
Mcu.Pin136=PE1
Mcu.ThirdPartyNb=0
Mcu.Pin137=PI4
Mcu.Pin130=PB5
PD11.GPIO_Label=CS1
Mcu.Pin131=PB6
RCC.HCLKFreq_Value=240000000
Mcu.Pin132=PB7
Mcu.Pin133=PB8
Mcu.IPNb=21
ProjectManager.PreviousToolchain=
RCC.SPDIFRXFreq_Value=120000000
PH10.Mode=RGB666
PF12.Signal=FMC_A6
PI9.Mode=Asynchronous
Mcu.Pin6=PC13
Mcu.Pin7=PC14-OSC32_IN (OSC32_IN)
Mcu.Pin8=PC15-OSC32_OUT (OSC32_OUT)
Mcu.Pin9=PI9
PC2_C.Signal=SPI2_MISO
SH.FMC_A10.0=FMC_A10,12b-sda1
SPI2.BaudRatePrescaler=SPI_BAUDRATEPRESCALER_8
Mcu.Pin0=PE2
Mcu.Pin1=PE3
Mcu.Pin140=PI7
GPIO.groupedBy=Group By Peripherals
Mcu.Pin2=PE4
RCC.HRTIMFreq_Value=240000000
Mcu.Pin3=PE5
Mcu.Pin4=PE6
Mcu.Pin5=PI8
Mcu.Pin145=VP_SYS_VS_Systick
ADC1.Channel-0\#ChannelRegularConversion=ADC_CHANNEL_3
PH1-OSC_OUT\ (PH1).Mode=HSE-External-Oscillator
RCC.DIVR3Freq_Value=25175000
Mcu.Pin141=VP_RTC_VS_RTC_Activate
NVIC.DebugMonitor_IRQn=true\:0\:0\:false\:false\:true\:false\:false
SH.FMC_A14_BA0.ConfNb=1
Mcu.Pin142=VP_RTC_VS_RTC_Calendar
SH.FMC_D8_DA8.0=FMC_D8,sd-16b-d1
Mcu.Pin143=VP_SAI1_VP_$IpInstance_SAIA_SAI_BASIC
Mcu.Pin144=VP_SAI1_VP_$IpInstance_SAIB_SAI_BASIC
Mcu.IP10=RTC
NVIC.SysTick_IRQn=true\:0\:0\:false\:false\:true\:false\:true
Mcu.IP12=SDMMC1
Mcu.IP11=SAI1
PI8.Signal=GPXTI8
SH.FMC_D2_DA2.0=FMC_D2,sd-16b-d1
Mcu.IP18=USART1
Mcu.IP17=UART4
Mcu.IP19=USB_OTG_HS
RCC.DIVP1Freq_Value=480000000
Mcu.IP14=SPI1
PF9.Mode=Single Bank 1
Mcu.IP13=SDMMC2
PE13.Signal=FMC_D10_DA10
Mcu.IP16=SYS
Mcu.IP15=SPI2
PH7.GPIO_Label=CS6
PI5.Signal=LTDC_B5
PI0.Signal=LTDC_G5
PF11.Signal=FMC_SDNRAS
PB5.Mode=Host_HS
File.Version=6
SAI1.InitProtocol-SAI_A_MasterWithClock=Enable
SH.FMC_D5_DA5.ConfNb=1
SH.FMC_D2_DA2.ConfNb=1
PB7.Signal=I2C1_SDA
PH6.GPIOParameters=GPIO_Label
Mcu.IP20=VREFBUF
PE4.Mode=SAI_A_MasterWithClock
SH.FMC_SDNRAS.0=FMC_SDNRAS,12b-sda1
PE4.Signal=SAI1_FS_A
ProjectManager.ProjectName=Neotron-500-SDRAM-USB2-NoEthernet
RCC.APB3Freq_Value=120000000
PD13.GPIO_Label=CS3
PA6.Signal=ADCx_INP3
PB12.Mode=Host_HS
SH.FMC_D0_DA0.0=FMC_D0,sd-16b-d1
RCC.D1PPRE=RCC_APB3_DIV2
SH.FMC_D4_DA4.ConfNb=1
PD5.GPIO_Label=PS2B_DAT
ProjectManager.ToolChainLocation=
PA2.GPIO_Label=IRQ2
SH.GPXTI0.0=GPIO_EXTI0
SH.GPXTI5.ConfNb=1
SH.FMC_A9.0=FMC_A9,12b-sda1
PF8.Signal=QUADSPI_BK1_IO0
SH.FMC_D4_DA4.0=FMC_D4,sd-16b-d1
RCC.DIVR1Freq_Value=480000000
PE0.GPIO_Label=IRQ0
PI1.Mode=Full_Duplex_Master
PF5.Signal=FMC_A5
Mcu.Pin95=PA8
Mcu.Pin96=PA9
Mcu.Pin93=PC8
PH7.Signal=GPIO_Output
Mcu.Pin94=PC9
Mcu.Pin99=PA12
Mcu.Pin97=PA10
Mcu.Pin98=PA11
Mcu.Pin91=PC6
Mcu.Pin92=PC7
SPI2.Direction=SPI_DIRECTION_2LINES
PF0.Signal=FMC_A0
PC5.Signal=GPXTI5
Mcu.Pin90=PG8
PD3.GPIO_Label=CS5
PH2.Mode=SdramChipSelect1_1
PE7.Signal=FMC_D4_DA4
PD6.Signal=LTDC_B2
SPI1.BaudRatePrescaler=SPI_BAUDRATEPRESCALER_8
PE3.Mode=SAI_B_SyncSlave
RCC.Tim2OutputFreq_Value=240000000
Mcu.Pin84=PG2
Mcu.Pin85=PG3
RCC.DFSDMACLkFreq_Value=11289592.760180995
Mcu.Pin82=PD14
Mcu.Pin83=PD15
PG2.GPIO_Label=CS4
PA3.Signal=USB_OTG_HS_ULPI_D0
Mcu.Pin88=PG6
Mcu.Pin89=PG7
Mcu.Pin86=PG4
Mcu.Pin87=PG5
SH.FMC_A3.ConfNb=1
VP_RTC_VS_RTC_Activate.Signal=RTC_VS_RTC_Activate
RCC.PLLSourceVirtual=RCC_PLLSOURCE_HSE
SH.GPXTI5.0=GPIO_EXTI5
PH8.GPIOParameters=GPIO_Label
SH.FMC_A9.ConfNb=1
CORTEX_M7.CPU_ICache=Enabled
PG7.Signal=LTDC_CLK
PA13\ (JTMS/SWDIO).Mode=Trace_Asynchronous_SW
PA10.Mode=Asynchronous
PH11.Signal=LTDC_R5
ProjectManager.NoMain=false
SPI1.IPParameters=VirtualType,Mode,Direction,CalculateBaudRate,BaudRatePrescaler,DataSize
PG3.Signal=GPXTI3
PG1.Signal=FMC_A11
PC11.Signal=SDMMC1_D3
RCC.SAI4BFreq_Value=120000000
SH.FMC_SDCLK.ConfNb=1
PC8.Signal=SDMMC1_D0
PC4.Signal=ADCx_INP4
PC10.Mode=SD_4_bits_Wide_bus
RCC.D2PPRE2=RCC_APB2_DIV2
RCC.D2PPRE1=RCC_APB1_DIV2
ProjectManager.DefaultFWLocation=true
PI10.Signal=GPIO_Output
PD9.Signal=FMC_D14_DA14
PD5.Signal=GPIO_Input
ProjectManager.DeletePrevious=true
RCC.FamilyName=M
PH1-OSC_OUT\ (PH1).Signal=RCC_OSC_OUT
PC0.Mode=Host_HS
RCC.SPI6Freq_Value=120000000
SH.GPXTI6.0=GPIO_EXTI6
USART1.VirtualMode-Asynchronous=VM_ASYNC
PF7.Mode=Single Bank 1
PH8.GPIO_Label=CS7
SAI1.RealAudioFreq-SAI_A_MasterWithClock=44.099 KHz
PA9.Mode=Asynchronous
PB4\ (NJTRST).GPIOParameters=GPIO_Label
SH.FMC_A15_BA1.ConfNb=1
RCC.SPI45Freq_Value=120000000
PH4.Signal=I2C2_SCL
PH7.GPIOParameters=GPIO_Label
PF6.Signal=QUADSPI_BK1_IO3
PD12.GPIOParameters=GPIO_Label
PB3\ (JTDO/TRACESWO).Signal=DEBUG_JTDO-SWO
ProjectManager.TargetToolchain=STM32CubeIDE
PC15-OSC32_OUT\ (OSC32_OUT).Signal=RCC_OSC32_OUT
RCC.VCO1OutputFreq_Value=960000000
SH.FMC_D13_DA13.0=FMC_D13,sd-16b-d1
PH8.Signal=GPIO_Output
SH.FMC_D1_DA1.ConfNb=1
PC5.GPIOParameters=GPIO_Label
PI0.Mode=RGB666
PB9.Mode=Asynchronous
RCC.AXIClockFreq_Value=240000000
SPI2.IPParameters=VirtualType,Mode,Direction,BaudRatePrescaler,CalculateBaudRate,DataSize
PF2.Signal=FMC_A2
PG10.GPIOParameters=GPIO_Label
RCC.USBFreq_Value=120000000
PH13.Mode=RGB666
PE11.Signal=FMC_D8_DA8
PG7.Mode=RGB666
PA1.Signal=LTDC_R2
RCC.CKPERFreq_Value=64000000
PD2.Mode=SD_4_bits_Wide_bus
PG14.Signal=GPIO_Output
PB0.Mode=Host_HS
board=custom
PG12.Mode=RGB666
SAI1.IPParameters=Instance-SAI_A_MasterWithClock,VirtualMode-SAI_A_MasterWithClock,MClockEnable-SAI_A_MasterWithClock,RealAudioFreq-SAI_A_MasterWithClock,ErrorAudioFreq-SAI_A_MasterWithClock,InitProtocol-SAI_A_MasterWithClock,VirtualProtocol-SAI_A_BASIC,Instance-SAI_B_SyncSlave,VirtualMode-SAI_B_SyncSlave,InitProtocol-SAI_B_SyncSlave,VirtualProtocol-SAI_B_BASIC,NoDivider-SAI_A_MasterWithClock,AudioFrequency-SAI_A_MasterWithClock,FIFOThreshold-SAI_A_MasterWithClock
SH.GPXTI3.0=GPIO_EXTI3
PI9.Signal=UART4_RX
PB15.Mode=CTS_RTS
PD11.GPIOParameters=GPIO_Label
RCC.VCOInput1Freq_Value=5000000
RCC.APB2Freq_Value=120000000
MxCube.Version=5.6.1
SH.FMC_D13_DA13.ConfNb=1
PC13.GPIOParameters=GPIO_Label
PD4.GPIO_Label=IRQ4
RCC.FDCANFreq_Value=120000000
PF10.Signal=LTDC_DE
PI4.Signal=GPIO_Input
PE5.Mode=SAI_A_MasterWithClock
RCC.ADCFreq_Value=11289592.760180995
PD4.GPIOParameters=GPIO_Label
VP_SYS_VS_Systick.Mode=SysTick
SH.FMC_D12_DA12.0=FMC_D12,sd-16b-d1
PF15.Signal=FMC_A9
PF1.Signal=FMC_A1
PE6.Signal=SAI1_SD_A
SH.FMC_D11_DA11.ConfNb=1
RCC.IPParameters=ADCFreq_Value,AHB12Freq_Value,AHB4Freq_Value,APB1Freq_Value,APB2Freq_Value,APB3Freq_Value,APB4Freq_Value,AXIClockFreq_Value,CECFreq_Value,CKPERFreq_Value,CortexFreq_Value,Cortex_Div,CpuClockFreq_Value,D1CPREFreq_Value,D1PPRE,D2PPRE1,D2PPRE2,D3PPRE,DFSDMACLkFreq_Value,DFSDMFreq_Value,DIVM1,DIVM2,DIVM3,DIVN1,DIVN2,DIVN3,DIVP1Freq_Value,DIVP2,DIVP2Freq_Value,DIVP3,DIVP3Freq_Value,DIVQ1,DIVQ1Freq_Value,DIVQ2,DIVQ2Freq_Value,DIVQ3,DIVQ3Freq_Value,DIVR1Freq_Value,DIVR2,DIVR2Freq_Value,DIVR3,DIVR3Freq_Value,FDCANFreq_Value,FMCCLockSelection,FMCFreq_Value,FamilyName,HCLK3ClockFreq_Value,HCLKFreq_Value,HPRE,HRTIMFreq_Value,I2C123Freq_Value,I2C4Freq_Value,LPTIM1Freq_Value,LPTIM2Freq_Value,LPTIM345Freq_Value,LPUART1Freq_Value,LTDCFreq_Value,MCO1PinFreq_Value,MCO2PinFreq_Value,PLL2FRACN,PLL3FRACN,PLLFRACN,PLLSourceVirtual,QSPIFreq_Value,RNGFreq_Value,RTCClockSelection,RTCFreq_Value,SAI1CLockSelection,SAI1Freq_Value,SAI23Freq_Value,SAI4AFreq_Value,SAI4BFreq_Value,SDMMCFreq_Value,SPDIFRXFreq_Value,SPI123Freq_Value,SPI45Freq_Value,SPI6Freq_Value,SWPMI1Freq_Value,SYSCLKFreq_VALUE,SYSCLKSource,Tim1OutputFreq_Value,Tim2OutputFreq_Value,TraceFreq_Value,USART16Freq_Value,USART234578Freq_Value,USBFreq_Value,VCO1OutputFreq_Value,VCO2OutputFreq_Value,VCO3OutputFreq_Value,VCOInput1Freq_Value,VCOInput2Freq_Value,VCOInput3Freq_Value
ProjectManager.AskForMigrate=true
Mcu.Name=STM32H743IITx
PE0.Signal=GPXTI0
PE12.Signal=FMC_D9_DA9
PA2.Signal=GPXTI2
PH15.Mode=RGB666
Mcu.IP8=QUADSPI
Mcu.IP9=RCC
PD14.Signal=FMC_D0_DA0
Mcu.IP6=LTDC
Mcu.IP7=NVIC
ProjectManager.CoupleFile=false
RCC.SYSCLKFreq_VALUE=480000000
RCC.I2C123Freq_Value=120000000
PA12.Mode=CTS_RTS
SH.GPXTI4.0=GPIO_EXTI4
KeepUserPlacement=false
PC14-OSC32_IN\ (OSC32_IN).Signal=RCC_OSC32_IN
PC5.GPIO_Label=IRQ5
PB2.Mode=Single Bank 1
SAI1.Instance-SAI_B_SyncSlave=SAI$Index_Block_B
PB7.Mode=I2C
SH.GPXTI4.ConfNb=1
RCC.SAI4AFreq_Value=120000000
ADC1.NbrOfConversionFlag=1
PH3.Signal=FMC_SDNE0
PC3_C.Signal=USB_OTG_HS_ULPI_NXT
RCC.DIVQ1Freq_Value=120000000
PB8.Signal=I2C1_SCL
RCC.D3PPRE=RCC_APB4_DIV2
RCC.Cortex_Div=SYSTICK_CLKSOURCE_HCLK_DIV8
PH5.Mode=I2C
PC9.Signal=SDMMC1_D1
CORTEX_M7.CPU_DCache=Enabled
SH.ADCx_INP3.ConfNb=1
PC7.Mode=RGB666
SH.FMC_D8_DA8.ConfNb=1
RCC.VCOInput2Freq_Value=1923076.923076923
RCC.APB1Freq_Value=120000000
SAI1.InitProtocol-SAI_B_SyncSlave=Enable
ProjectManager.DeviceId=STM32H743IITx
PB12.Signal=USB_OTG_HS_ULPI_D5
ProjectManager.LibraryCopy=1
PE1.GPIOParameters=GPIO_Label
PA7.Signal=FMC_SDNWE
PB4\ (NJTRST).Signal=GPIO_Output
