#MicroXplorer Configuration settings - do not modify
SH.FMC_D7_DA7.0=FMC_D7,8b-d1
SH.FMC_D0_DA0.ConfNb=1
PK5.Signal=LTDC_B6
SH.FMC_A8.ConfNb=1
SH.FMC_A4.ConfNb=1
SPI4.VirtualType=VM_MASTER
SH.FMC_A0.ConfNb=1
SH.FMC_D6_DA6.ConfNb=1
PH12.Signal=I2C4_SDA
SH.FMC_A23.ConfNb=1
SH.FMC_A0.0=FMC_A0,24b-a1
PB10.Mode=Host_HS
PK0.Mode=RGB565
PG4.Signal=FMC_A14_BA0
RCC.PLLCLKFreq_Value=96000000
PC12.Signal=SDMMC1_CK
RCC.PLLQCLKFreq_Value=96000000
PG0.Signal=FMC_A10
I2S3.IPParameters=Instance,VirtualMode,FullDuplexMode,RealAudioFreq,ErrorAudioFreq
VP_RTC_VS_RTC_Activate.Mode=RTC_Enabled
PC5.Mode=MII
PK1.Signal=LTDC_G6
SH.FMC_D5_DA5.0=FMC_D5,8b-d1
PB13.Signal=USB_OTG_HS_ULPI_D6
SH.FMC_A19.0=FMC_A19,24b-a1
PG13.Signal=ETH_TXD0
SH.FMC_NOE.ConfNb=1
PinOutPanel.RotationAngle=0
SH.FMC_NWE.0=FMC_NWE,Sram1
USB_OTG_HS.VirtualMode-Host_HS=Host_HS
SH.FMC_A15_BA1.0=FMC_A15,24b-a1
USART3.VirtualMode-Asynchronous=VM_ASYNC
NVIC.SVCall_IRQn=true\:0\:0\:false\:false\:true\:false\:false
SH.FMC_A12.ConfNb=1
PA4.Mode=Half_Duplex_Slave
PF7.Signal=QUADSPI_BK1_IO2
RCC.LCDTFTFreq_Value=48000000
PJ5.Mode=RGB565
PD4.Signal=FMC_NOE
PB6.Signal=QUADSPI_BK1_NCS
PC7.Signal=FMC_NE1
PH1/OSC_OUT.Signal=RCC_OSC_OUT
PB6.Mode=Single Bank 1
PC3.Signal=ETH_TX_CLK
PD0.Signal=FMC_D2_DA2
RCC.SAI2Freq_Value=96000000
PD8.Signal=USART3_TX
PE5.Signal=FMC_A21
PI3.Mode=Half_Duplex_Master
RCC.PLLSAIRCLKFreq_Value=96000000
ProjectManager.ProjectBuild=false
SH.FMC_A18.0=FMC_A18,24b-a1
NVIC.UsageFault_IRQn=true\:0\:0\:false\:false\:true\:false\:false
PB2.Signal=I2S3_SD
PB3.Mode=Half_Duplex_Slave
PG14.Mode=MII
ProjectManager.FirmwarePackage=STM32Cube FW_F7 V1.16.0
MxDb.Version=DB.5.0.60
I2S3.ErrorAudioFreq=0.0 %
PK7.Mode=RGB565
ProjectManager.BackupPrevious=false
PJ2.Mode=RGB565
PE9.Signal=FMC_D6_DA6
SH.FMC_A2.0=FMC_A2,24b-a1
PB14.Mode=CTS_RTS
PI3.Signal=I2S2_SD
PC9.Mode=SD_4_bits_Wide_bus
PE2.Signal=FMC_A23
I2S2.IPParameters=Instance,VirtualMode,FullDuplexMode,RealAudioFreq,ErrorAudioFreq
PF8.Mode=Single Bank 1
PA8.Signal=RCC_MCO_1
PE13.Mode=Full_Duplex_Master
SH.FMC_D1_DA1.0=FMC_D1,8b-d1
NVIC.PendSV_IRQn=true\:0\:0\:false\:false\:true\:false\:false
PF3.Signal=FMC_A3
USB_OTG_HS.IPParameters=VirtualMode-Host_HS
PE10.Signal=FMC_D7_DA7
ProjectManager.HalAssertFull=false
Mcu.Package=LQFP208
PB1.Signal=USB_OTG_HS_ULPI_D2
PH12.Mode=I2C
PD12.Signal=FMC_A17_ALE
PH11.Mode=I2C
VP_SYS_VS_Systick.Signal=SYS_VS_Systick
PJ4.Signal=LTDC_R5
SH.FMC_A11.ConfNb=1
USART3.IPParameters=VirtualMode-Asynchronous
PA10.Signal=LTDC_B4
VP_RTC_VS_RTC_Calendar.Mode=RTC_Calendar
RCC.DFSDMFreq_Value=16000000
PC11.Mode=SD_4_bits_Wide_bus
SH.FMC_A1.0=FMC_A1,24b-a1
RCC.CECFreq_Value=32786.88524590164
PF14.Signal=FMC_A8
NVIC.BusFault_IRQn=true\:0\:0\:false\:false\:true\:false\:false
PF10.Mode=Single Bank 1
PB13.Mode=Host_HS
PI11.Signal=USB_OTG_HS_ULPI_DIR
PD15.Signal=FMC_D1_DA1
SH.FMC_D3_DA3.0=FMC_D3,8b-d1
ProjectManager.CustomerFirmwarePackage=
PC4.Mode=MII
RCC.PLLSAIQCLKFreq_Value=96000000
SH.FMC_D3_DA3.ConfNb=1
PA5.Mode=Host_HS
PE12.Mode=Full_Duplex_Master
Mcu.Pin80=PJ11
Mcu.Pin81=PK0
SH.FMC_A4.0=FMC_A4,24b-a1
PK4.Signal=LTDC_B5
SH.FMC_A7.ConfNb=1
I2S3.FullDuplexMode=I2S_FULLDUPLEXMODE_DISABLE
ProjectManager.ProjectFileName=stm32f767bgtx.ioc
SH.FMC_A1.ConfNb=1
SH.FMC_A5.ConfNb=1
Mcu.Pin79=PD15
SH.FMC_A20.ConfNb=1
SH.FMC_A22.ConfNb=1
Mcu.PinsNb=123
Mcu.Pin73=PD9
Mcu.Pin74=PD10
Mcu.Pin71=PB15
Mcu.Pin72=PD8
Mcu.Pin77=PD13
Mcu.Pin78=PD14
PG5.Signal=FMC_A15_BA1
Mcu.Pin75=PD11
Mcu.Pin76=PD12
USB_HOST.USBH_HandleTypeDef-ALL_Classes_HS=hUsbHostHS
Mcu.Pin70=PB14
PI10.Mode=RGB565
PC6.Signal=I2S2_MCK
PC2.Signal=ETH_TXD2
PD1.Signal=FMC_D3_DA3
Mcu.Pin68=PB12
Mcu.Pin69=PB13
PC0.Signal=USB_OTG_HS_ULPI_STP
SH.FMC_NOE.0=FMC_NOE,Sram1
Mcu.Pin62=PB11
SH.FMC_A16_CLE.ConfNb=1
Mcu.Pin63=PJ5
Mcu.Pin60=PE14
Mcu.Pin61=PB10
Mcu.Pin66=PH11
Mcu.Pin67=PH12
Mcu.Pin64=PH6
Mcu.Pin65=PH7
PJ11.Signal=LTDC_G4
ETH.IPParameters=MediaInterface
PD10.Signal=LTDC_B3
PA3.Mode=Host_HS
SH.FMC_A3.0=FMC_A3,24b-a1
PJ3.Signal=LTDC_R4
Mcu.Pin59=PE13
Mcu.Pin57=PE11
Mcu.Pin58=PE12
PB11.Mode=Host_HS
Mcu.Pin51=PG0
Mcu.Pin52=PG1
Mcu.Pin50=PF15
Mcu.Pin55=PE9
PC6.Mode=Master_Clock_Activated
Mcu.Pin56=PE10
USB_HOST.VirtualModeHS=All_Classes
Mcu.Pin53=PE7
Mcu.Pin54=PE8
SH.FMC_NWAIT.ConfNb=1
PA9.Signal=I2S2_CK
I2S2.VirtualMode=I2S_MODE_MASTER
I2S3.VirtualMode=I2S_MODE_SLAVE
PD8.Mode=Asynchronous
Mcu.Pin48=PF13
Mcu.Pin49=PF14
Mcu.Pin46=PJ4
Mcu.Pin47=PF12
PA0/WKUP.Mode=MII
PB10.Signal=USB_OTG_HS_ULPI_D3
PB14.Signal=UART4_RTS
Mcu.Pin40=PB0
PA5.Signal=USB_OTG_HS_ULPI_CK
Mcu.Pin41=PB1
Mcu.Pin44=PJ2
PC12.Mode=SD_4_bits_Wide_bus
Mcu.Pin45=PJ3
Mcu.Pin42=PB2
Mcu.Pin43=PJ0
PH6.Mode=MII
ProjectManager.LastFirmware=true
Mcu.Pin116=PB5
Mcu.Pin117=PB6
Mcu.Pin118=PB8
Mcu.Pin119=VP_RTC_VS_RTC_Activate
SH.FMC_A6.0=FMC_A6,24b-a1
PA1.Mode=MII
PE14.Signal=SPI4_MOSI
Mcu.Pin37=PA7
SH.FMC_A21.0=FMC_A21,24b-a1
Mcu.Pin38=PC4
Mcu.Pin35=PA5
PE8.Signal=FMC_D5_DA5
Mcu.Pin36=PA6
RCC.PLLI2SPCLKFreq_Value=96000000
Mcu.Pin39=PC5
RCC.RNGFreq_Value=96000000
Mcu.Pin112=PK5
Mcu.Pin30=PA2
Mcu.Pin113=PK6
Mcu.Pin114=PK7
Mcu.Pin115=PB3
Mcu.Pin33=PA3
Mcu.Pin34=PA4
Mcu.Pin31=PH3
Mcu.Pin110=PG14
Mcu.Pin32=PH4
Mcu.Pin111=PK4
NVIC.NonMaskableInt_IRQn=true\:0\:0\:false\:false\:true\:false\:false
PF13.Signal=FMC_A7
ProjectManager.FreePins=false
RCC.PLLI2SQCLKFreq_Value=96000000
Mcu.Pin26=PC2
Mcu.Pin27=PC3
Mcu.Pin24=PC0
PH4.Mode=Host_HS
ProjectManager.UnderRoot=false
Mcu.Pin25=PC1
I2S2.FullDuplexMode=I2S_FULLDUPLEXMODE_DISABLE
Mcu.Pin28=PA0/WKUP
Mcu.Pin29=PA1
PC8.Mode=SD_4_bits_Wide_bus
SH.FMC_D7_DA7.ConfNb=1
PA4.Signal=I2S3_WS
Mcu.Pin22=PH0/OSC_IN
PB5.Signal=USB_OTG_HS_ULPI_D7
ETH.MediaInterface=ETH_MEDIA_INTERFACE_MII
Mcu.Pin23=PH1/OSC_OUT
Mcu.Pin120=VP_RTC_VS_RTC_Calendar
Mcu.Pin20=PF9
Mcu.Pin121=VP_SYS_VS_Systick
Mcu.Pin21=PF10
Mcu.Pin122=VP_USB_HOST_VS_USB_HOST_ALL_CLASS_HS
PK4.Mode=RGB565
NVIC.ForceEnableDMAVector=true
PD11.Signal=FMC_A16_CLE
NVIC.MemoryManagement_IRQn=true\:0\:0\:false\:false\:true\:false\:false
SH.FMC_A10.ConfNb=1
ProjectManager.CompilerOptimize=6
SH.FMC_A5.0=FMC_A5,24b-a1
PG11.Mode=MII
PA11.Signal=UART4_RX
ProjectManager.HeapSize=0x200
Mcu.Pin15=PF4
NVIC.HardFault_IRQn=true\:0\:0\:false\:false\:true\:false\:false
Mcu.Pin16=PF5
PB1.Mode=Host_HS
SH.FMC_A20.0=FMC_A20,24b-a1
Mcu.Pin13=PI14
Mcu.Pin14=PF3
PH6.Signal=ETH_RXD2
Mcu.Pin19=PF8
PF6.Mode=Single Bank 1
ProjectManager.ComputerToolchain=false
Mcu.Pin17=PF6
PF9.Signal=QUADSPI_BK1_IO1
Mcu.Pin18=PF7
NVIC.PriorityGroup=NVIC_PRIORITYGROUP_4
Mcu.Pin11=PF1
Mcu.Pin12=PF2
PB8.Mode=MII
Mcu.Pin10=PF0
Mcu.Pin109=PG13
PE3.Signal=FMC_A19
PJ4.Mode=RGB565
Mcu.Pin105=PD4
PC15/OSC32_OUT.Signal=RCC_OSC32_OUT
PA8.Mode=Clock-out-1
Mcu.Pin106=PD5
Mcu.Pin107=PD6
PF4.Signal=FMC_A4
Mcu.Pin108=PG11
I2S3.Instance=SPI$Index
PD2.Signal=SDMMC1_CMD
RCC.SDMMC2Freq_Value=16000000
PB0.Signal=USB_OTG_HS_ULPI_D1
PC1.Signal=ETH_MDC
Mcu.Pin101=PC12
Mcu.Pin102=PD0
PC1.Mode=MII
Mcu.Pin103=PD1
Mcu.Pin104=PD2
Mcu.Pin100=PC11
Mcu.Family=STM32F7
PC3.Mode=MII
PK7.Signal=LTDC_DE
ProjectManager.MainLocation=Src
SH.FMC_A6.ConfNb=1
PA6.Mode=RGB565
SH.FMC_A8.0=FMC_A8,24b-a1
RCC.SAI1Freq_Value=96000000
SH.FMC_A2.ConfNb=1
SH.FMC_A21.ConfNb=1
ProjectManager.KeepUserCode=true
Mcu.UserName=STM32F767BGTx
PG2.Signal=FMC_A12
PC10.Signal=SDMMC1_D2
SH.FMC_A23.0=FMC_A23,24b-a1
SPI4.Direction=SPI_DIRECTION_2LINES
ProjectManager.functionlistsort=
SH.FMC_D6_DA6.0=FMC_D6,8b-d1
PA11.Mode=Asynchronous
VP_USB_HOST_VS_USB_HOST_ALL_CLASS_HS.Signal=USB_HOST_VS_USB_HOST_ALL_CLASS_HS
PA0/WKUP.Signal=ETH_CRS
PC14/OSC32_IN.Mode=LSE-External-Oscillator
RCC.PLLI2SRCLKFreq_Value=96000000
SH.FMC_A14_BA0.0=FMC_A14,24b-a1
VP_RTC_VS_RTC_Calendar.Signal=RTC_VS_RTC_Calendar
SH.FMC_A11.0=FMC_A11,24b-a1
PB11.Signal=USB_OTG_HS_ULPI_D4
PB15.Signal=UART4_CTS
PD9.Mode=Asynchronous
PG11.Signal=ETH_TX_EN
ProjectManager.StackSize=0x400
PH3.Mode=MII
PD13.Signal=FMC_A18
Mcu.IP4=I2S2
Mcu.IP5=I2S3
Mcu.IP2=FMC
Mcu.IP3=I2C4
PI11.Mode=Host_HS
Mcu.IP0=CORTEX_M7
SH.FMC_A7.0=FMC_A7,24b-a1
Mcu.IP1=ETH
PA12.Signal=UART4_TX
SH.FMC_A22.0=FMC_A22,24b-a1
PJ2.Signal=LTDC_R3
Mcu.UserConstants=
PE11.Mode=RGB565
SPI4.Mode=SPI_MODE_MASTER
RCC.SDMMCFreq_Value=16000000
Mcu.ThirdPartyNb=0
PH0/OSC_IN.Mode=HSE-External-Oscillator
Mcu.IPNb=18
ProjectManager.PreviousToolchain=
SH.FMC_NWE.ConfNb=1
RCC.SPDIFRXFreq_Value=96000000
PF12.Signal=FMC_A6
PI9.Mode=RGB565
PD10.Mode=RGB565
Mcu.Pin6=PC15/OSC32_OUT
Mcu.Pin7=PI9
Mcu.Pin8=PI10
PK2.Mode=RGB565
Mcu.Pin9=PI11
RCC.VCOSAIOutputFreq_Value=192000000
SPI4.IPParameters=VirtualType,Mode,Direction,CalculateBaudRate
SH.FMC_A10.0=FMC_A10,24b-a1
Mcu.Pin0=PE2
Mcu.Pin1=PE3
GPIO.groupedBy=
Mcu.Pin2=PE4
Mcu.Pin3=PE5
Mcu.Pin4=PE6
Mcu.Pin5=PC14/OSC32_IN
RCC.HSE_VALUE=25000000
NVIC.DebugMonitor_IRQn=true\:0\:0\:false\:false\:true\:false\:false
SH.FMC_A14_BA0.ConfNb=1
Mcu.IP10=RTC
NVIC.SysTick_IRQn=true\:0\:0\:false\:false\:true\:false\:true
Mcu.IP12=SPI4
Mcu.IP11=SDMMC1
PI14.Mode=RGB565
SH.FMC_D2_DA2.0=FMC_D2,8b-d1
Mcu.IP17=USB_OTG_HS
Mcu.IP14=UART4
PF9.Mode=Single Bank 1
Mcu.IP13=SYS
PE13.Signal=SPI4_MISO
Mcu.IP16=USB_HOST
Mcu.IP15=USART3
RCC.VCOInputFreq_Value=1000000
PK6.Mode=RGB565
PI0.Signal=I2S2_WS
PB5.Mode=Host_HS
File.Version=6
SH.FMC_D5_DA5.ConfNb=1
SH.FMC_D2_DA2.ConfNb=1
PG13.Mode=MII
PH1/OSC_OUT.Mode=HSE-External-Oscillator
PE4.Signal=FMC_A20
ProjectManager.ProjectName=stm32f767bgtx
PH7.Mode=MII
PJ0.Mode=RGB565
PA6.Signal=LTDC_G2
PB12.Mode=Host_HS
SH.FMC_A13.0=FMC_A13,24b-a1
SH.FMC_D0_DA0.0=FMC_D0,8b-d1
PC14/OSC32_IN.Signal=RCC_OSC32_IN
SH.FMC_D4_DA4.ConfNb=1
ProjectManager.ToolChainLocation=
RCC.LSI_VALUE=32000
SH.FMC_A9.0=FMC_A9,24b-a1
PF8.Signal=QUADSPI_BK1_IO0
SH.FMC_D4_DA4.0=FMC_D4,8b-d1
PF5.Signal=FMC_A5
Mcu.Pin95=PA11
Mcu.Pin96=PA12
Mcu.Pin93=PA9
PH7.Signal=ETH_RXD3
Mcu.Pin94=PA10
Mcu.Pin99=PC10
Mcu.Pin97=PI0
Mcu.Pin98=PI3
Mcu.Pin91=PC9
Mcu.Pin92=PA8
PF0.Signal=FMC_A0
PC5.Signal=ETH_RXD1
Mcu.Pin90=PC8
PE7.Signal=FMC_D4_DA4
PD6.Signal=FMC_NWAIT
Mcu.Pin84=PG2
Mcu.Pin85=PG3
Mcu.Pin82=PK1
Mcu.Pin83=PK2
Mcu.Pin88=PC6
PA3.Signal=USB_OTG_HS_ULPI_D0
Mcu.Pin89=PC7
SH.FMC_A12.0=FMC_A12,24b-a1
Mcu.Pin86=PG4
Mcu.Pin87=PG5
SH.FMC_A3.ConfNb=1
PK1.Mode=RGB565
VP_RTC_VS_RTC_Activate.Signal=RTC_VS_RTC_Activate
PK6.Signal=LTDC_B7
RCC.I2SFreq_Value=96000000
USB_HOST.IPParameters=USBH_HandleTypeDef-ALL_Classes_HS,VirtualModeHS
PK2.Signal=LTDC_G7
SH.FMC_A9.ConfNb=1
PA7.Mode=MII
I2S2.Instance=SPI$Index
PA10.Mode=RGB565
PH11.Signal=I2C4_SCL
ProjectManager.NoMain=false
PG3.Signal=FMC_A13
PG1.Signal=FMC_A11
PC11.Signal=SDMMC1_D3
PI14.Signal=LTDC_CLK
PC8.Signal=SDMMC1_D0
PC4.Signal=ETH_RXD0
PC10.Mode=SD_4_bits_Wide_bus
ProjectManager.DefaultFWLocation=true
PC2.Mode=MII
PI10.Signal=LTDC_HSYNC
PD9.Signal=USART3_RX
PD5.Signal=FMC_NWE
SH.FMC_A19.ConfNb=1
SH.FMC_A13.ConfNb=1
ProjectManager.DeletePrevious=true
RCC.FamilyName=M
PC0.Mode=Host_HS
PJ11.Mode=RGB565
PF7.Mode=Single Bank 1
PA9.Mode=Half_Duplex_Master
SH.FMC_A15_BA1.ConfNb=1
PH4.Signal=USB_OTG_HS_ULPI_NXT
PF6.Signal=QUADSPI_BK1_IO3
SH.FMC_A17_ALE.0=FMC_A17,24b-a1
ProjectManager.TargetToolchain=EWARM V8.32
SH.FMC_A16_CLE.0=FMC_A16,24b-a1
SH.FMC_D1_DA1.ConfNb=1
PI0.Mode=Half_Duplex_Master
PF2.Signal=FMC_A2
RCC.USBFreq_Value=96000000
RCC.PLLSAIoutputFreq_Value=96000000
PE11.Signal=LTDC_G3
PA1.Signal=ETH_RX_CLK
PK0.Signal=LTDC_G5
RCC.VCOI2SOutputFreq_Value=192000000
PD2.Mode=SD_4_bits_Wide_bus
PK5.Mode=RGB565
PG14.Signal=ETH_TXD1
PB0.Mode=Host_HS
RCC.PLLSAIPCLKFreq_Value=96000000
board=custom
RCC.VCOOutputFreq_Value=192000000
PI9.Signal=LTDC_VSYNC
PB15.Mode=CTS_RTS
PJ3.Mode=RGB565
PH0/OSC_IN.Signal=RCC_OSC_IN
MxCube.Version=5.6.1
PF10.Signal=QUADSPI_CLK
PE14.Mode=Full_Duplex_Master
VP_SYS_VS_Systick.Mode=SysTick
PF15.Signal=FMC_A9
SPI4.CalculateBaudRate=8.0 MBits/s
VP_USB_HOST_VS_USB_HOST_ALL_CLASS_HS.Mode=ALL_Classes_HS
PF1.Signal=FMC_A1
PE6.Signal=FMC_A22
RCC.IPParameters=CECFreq_Value,DFSDMFreq_Value,FamilyName,HSE_VALUE,HSI_VALUE,I2SFreq_Value,LCDTFTFreq_Value,LSI_VALUE,PLLCLKFreq_Value,PLLI2SPCLKFreq_Value,PLLI2SQCLKFreq_Value,PLLI2SRCLKFreq_Value,PLLQCLKFreq_Value,PLLSAIPCLKFreq_Value,PLLSAIQCLKFreq_Value,PLLSAIRCLKFreq_Value,PLLSAIoutputFreq_Value,RNGFreq_Value,SAI1Freq_Value,SAI2Freq_Value,SDMMC2Freq_Value,SDMMCFreq_Value,SPDIFRXFreq_Value,USBFreq_Value,VCOI2SOutputFreq_Value,VCOInputFreq_Value,VCOOutputFreq_Value,VCOSAIOutputFreq_Value
PJ0.Signal=LTDC_R7
ProjectManager.AskForMigrate=true
Mcu.Name=STM32F767B(G-I)Tx
PE12.Signal=SPI4_SCK
PA2.Signal=ETH_MDIO
Mcu.IP8=QUADSPI
Mcu.IP9=RCC
PD14.Signal=FMC_D0_DA0
Mcu.IP6=LTDC
Mcu.IP7=NVIC
ProjectManager.CoupleFile=false
PB3.Signal=I2S3_CK
PA12.Mode=Asynchronous
I2S2.ErrorAudioFreq=-0.27 %
KeepUserPlacement=false
SH.FMC_A17_ALE.ConfNb=1
PB2.Mode=Half_Duplex_Slave
PC15/OSC32_OUT.Mode=LSE-External-Oscillator
PJ5.Signal=LTDC_R6
SH.FMC_NWAIT.0=FMC_NWAIT,AsynchronousWait1
RCC.HSI_VALUE=16000000
PH3.Signal=ETH_COL
I2S3.RealAudioFreq=8.0 KHz
PA2.Mode=MII
PB8.Signal=ETH_TXD3
PC9.Signal=SDMMC1_D1
PC7.Mode=NorPsramChipSelect1_1
SH.FMC_A18.ConfNb=1
I2S2.RealAudioFreq=7.978 KHz
ProjectManager.DeviceId=STM32F767BGTx
PB12.Signal=USB_OTG_HS_ULPI_D5
ProjectManager.LibraryCopy=0
PA7.Signal=ETH_RX_DV
